[[package]]
name = "memchr"
version = "2.0.1"
source = "registry+https://github.com/rust-lang/crates.io-index"

[[package]]
name = "mish-linux"
version = "0.1.0"
dependencies = [
 "projectasiago_feta 0.1.0 (git+https://github.com/projectasiago/feta)",
 "projectasiago_mish 0.1.0 (git+https://github.com/projectasiago/mish)",
]

[[package]]
name = "nom"
version = "4.0.0-beta1"
source = "registry+https://github.com/rust-lang/crates.io-index"
dependencies = [
 "memchr 2.0.1 (registry+https://github.com/rust-lang/crates.io-index)",
]

[[package]]
name = "projectasiago_feta"
version = "0.1.0"
source = "git+https://github.com/projectasiago/feta#53d4ed89d2588facf4c5d38c48c52fdc454cb510"

[[package]]
name = "projectasiago_mish"
version = "0.1.0"
source = "git+https://github.com/projectasiago/mish#5c9cbe3b00c992a6ce710bca3f10c8ebb69a7bf9"
dependencies = [
 "nom 4.0.0-beta1 (registry+https://github.com/rust-lang/crates.io-index)",
 "projectasiago_feta 0.1.0 (git+https://github.com/projectasiago/feta)",
]

[metadata]
"checksum memchr 2.0.1 (registry+https://github.com/rust-lang/crates.io-index)" = "796fba70e76612589ed2ce7f45282f5af869e0fdd7cc6199fa1aa1f1d591ba9d"
"checksum nom 4.0.0-beta1 (registry+https://github.com/rust-lang/crates.io-index)" = "781f1bc5226e9c61efe53e830cbdf6bec68d2d49581904b297bb4a4e6ce9b462"
"checksum projectasiago_feta 0.1.0 (git+https://github.com/projectasiago/feta)" = "<none>"
"checksum projectasiago_mish 0.1.0 (git+https://github.com/projectasiago/mish)" = "<none>"
